
Microsoft Visual Studio Solution File, Format Version 12.00
# Visual Studio Version 16
VisualStudioVersion = 16.0.29409.12
MinimumVisualStudioVersion = 10.0.40219.1
Project("{FAE04EC0-301F-11D3-BF4B-00C04F79EFBC}") = "5_11_TestingTheInteractionBetweenTwoObjects", "5_11_TestingTheInteractionBetweenTwoObjects\5_11_TestingTheInteractionBetweenTwoObjects.csproj", "{89497261-6482-410E-A600-F841BF39735B}"
EndProject
Project("{FAE04EC0-301F-11D3-BF4B-00C04F79EFBC}") = "TestNinja.UnitTests", "TestNinja.UnitTests\TestNinja.UnitTests.csproj", "{035A3716-AF8D-4065-B631-CF9986B2DBDC}"
EndProject
Global
	GlobalSection(SolutionConfigurationPlatforms) = preSolution
		Debug|Any CPU = Debug|Any CPU
		Release|Any CPU = Release|Any CPU
	EndGlobalSection
	GlobalSection(ProjectConfigurationPlatforms) = postSolution
		{89497261-6482-410E-A600-F841BF39735B}.Debug|Any CPU.ActiveCfg = Debug|Any CPU
		{89497261-6482-410E-A600-F841BF39735B}.Debug|Any CPU.Build.0 = Debug|Any CPU
		{89497261-6482-410E-A600-F841BF39735B}.Release|Any CPU.ActiveCfg = Release|Any CPU
		{89497261-6482-410E-A600-F841BF39735B}.Release|Any CPU.Build.0 = Release|Any CPU
		{035A3716-AF8D-4065-B631-CF9986B2DBDC}.Debug|Any CPU.ActiveCfg = Debug|Any CPU
		{035A3716-AF8D-4065-B631-CF9986B2DBDC}.Debug|Any CPU.Build.0 = Debug|Any CPU
		{035A3716-AF8D-4065-B631-CF9986B2DBDC}.Release|Any CPU.ActiveCfg = Release|Any CPU
		{035A3716-AF8D-4065-B631-CF9986B2DBDC}.Release|Any CPU.Build.0 = Release|Any CPU
	EndGlobalSection
	GlobalSection(SolutionProperties) = preSolution
		HideSolutionNode = FALSE
	EndGlobalSection
	GlobalSection(ExtensibilityGlobals) = postSolution
		SolutionGuid = {80F46421-C6F3-492F-A19B-06C62679E4C6}
	EndGlobalSection
EndGlobal
